// !$*UTF8*$!
{
	archiveVersion = 1;
	classes = {
	};
	objectVersion = 50;
	objects = {

/* Begin PBXBuildFile section */
		A132F479D3F8F46B292C77BB /* Pods_weather.framework in Frameworks */ = {isa = PBXBuildFile; fileRef = B87E139D8FDB01D7ACAD5CFB /* Pods_weather.framework */; };
		F03038A122C24E2E00396BD9 /* AppDelegate.swift in Sources */ = {isa = PBXBuildFile; fileRef = F03038A022C24E2E00396BD9 /* AppDelegate.swift */; };
		F03038A322C24E2E00396BD9 /* WeatherVC.swift in Sources */ = {isa = PBXBuildFile; fileRef = F03038A222C24E2E00396BD9 /* WeatherVC.swift */; };
		F03038A622C24E2E00396BD9 /* Main.storyboard in Resources */ = {isa = PBXBuildFile; fileRef = F03038A422C24E2E00396BD9 /* Main.storyboard */; };
		F03038A822C24E3000396BD9 /* Assets.xcassets in Resources */ = {isa = PBXBuildFile; fileRef = F03038A722C24E3000396BD9 /* Assets.xcassets */; };
		F03038AB22C24E3000396BD9 /* LaunchScreen.storyboard in Resources */ = {isa = PBXBuildFile; fileRef = F03038A922C24E3000396BD9 /* LaunchScreen.storyboard */; };
		F05E72E222C4038000BC79FF /* Extension.swift in Sources */ = {isa = PBXBuildFile; fileRef = F05E72E122C4038000BC79FF /* Extension.swift */; };
		F068181E22C26B9800D11579 /* Constants.swift in Sources */ = {isa = PBXBuildFile; fileRef = F068181D22C26B9800D11579 /* Constants.swift */; };
		F068182022C26F2200D11579 /* CurrentWeather.swift in Sources */ = {isa = PBXBuildFile; fileRef = F068181F22C26F2200D11579 /* CurrentWeather.swift */; };
		F068182222C28E4300D11579 /* Forecast.swift in Sources */ = {isa = PBXBuildFile; fileRef = F068182122C28E4300D11579 /* Forecast.swift */; };
		F068182422C28F7600D11579 /* WeatherCell.swift in Sources */ = {isa = PBXBuildFile; fileRef = F068182322C28F7600D11579 /* WeatherCell.swift */; };
		F068182622C291DC00D11579 /* Location.swift in Sources */ = {isa = PBXBuildFile; fileRef = F068182522C291DC00D11579 /* Location.swift */; };
/* End PBXBuildFile section */

/* Begin PBXFileReference section */
		801E461D6FA6CD5ABD9201BF /* Pods-weather.release.xcconfig */ = {isa = PBXFileReference; includeInIndex = 1; lastKnownFileType = text.xcconfig; name = "Pods-weather.release.xcconfig"; path = "Pods/Target Support Files/Pods-weather/Pods-weather.release.xcconfig"; sourceTree = "<group>"; };
		B87E139D8FDB01D7ACAD5CFB /* Pods_weather.framework */ = {isa = PBXFileReference; explicitFileType = wrapper.framework; includeInIndex = 0; path = Pods_weather.framework; sourceTree = BUILT_PRODUCTS_DIR; };
		BC427EE6BA591BD6462E8E51 /* Pods-weather.debug.xcconfig */ = {isa = PBXFileReference; includeInIndex = 1; lastKnownFileType = text.xcconfig; name = "Pods-weather.debug.xcconfig"; path = "Pods/Target Support Files/Pods-weather/Pods-weather.debug.xcconfig"; sourceTree = "<group>"; };
		F030389D22C24E2E00396BD9 /* weather.app */ = {isa = PBXFileReference; explicitFileType = wrapper.application; includeInIndex = 0; path = weather.app; sourceTree = BUILT_PRODUCTS_DIR; };
		F03038A022C24E2E00396BD9 /* AppDelegate.swift */ = {isa = PBXFileReference; lastKnownFileType = sourcecode.swift; path = AppDelegate.swift; sourceTree = "<group>"; };
		F03038A222C24E2E00396BD9 /* WeatherVC.swift */ = {isa = PBXFileReference; lastKnownFileType = sourcecode.swift; path = WeatherVC.swift; sourceTree = "<group>"; };
		F03038A522C24E2E00396BD9 /* Base */ = {isa = PBXFileReference; lastKnownFileType = file.storyboard; name = Base; path = Base.lproj/Main.storyboard; sourceTree = "<group>"; };
		F03038A722C24E3000396BD9 /* Assets.xcassets */ = {isa = PBXFileReference; lastKnownFileType = folder.assetcatalog; path = Assets.xcassets; sourceTree = "<group>"; };
		F03038AA22C24E3000396BD9 /* Base */ = {isa = PBXFileReference; lastKnownFileType = file.storyboard; name = Base; path = Base.lproj/LaunchScreen.storyboard; sourceTree = "<group>"; };
		F03038AC22C24E3000396BD9 /* Info.plist */ = {isa = PBXFileReference; lastKnownFileType = text.plist.xml; path = Info.plist; sourceTree = "<group>"; };
		F05E72E122C4038000BC79FF /* Extension.swift */ = {isa = PBXFileReference; lastKnownFileType = sourcecode.swift; path = Extension.swift; sourceTree = "<group>"; };
		F068181D22C26B9800D11579 /* Constants.swift */ = {isa = PBXFileReference; lastKnownFileType = sourcecode.swift; path = Constants.swift; sourceTree = "<group>"; };
		F068181F22C26F2200D11579 /* CurrentWeather.swift */ = {isa = PBXFileReference; lastKnownFileType = sourcecode.swift; path = CurrentWeather.swift; sourceTree = "<group>"; };
		F068182122C28E4300D11579 /* Forecast.swift */ = {isa = PBXFileReference; lastKnownFileType = sourcecode.swift; path = Forecast.swift; sourceTree = "<group>"; };
		F068182322C28F7600D11579 /* WeatherCell.swift */ = {isa = PBXFileReference; lastKnownFileType = sourcecode.swift; path = WeatherCell.swift; sourceTree = "<group>"; };
		F068182522C291DC00D11579 /* Location.swift */ = {isa = PBXFileReference; lastKnownFileType = sourcecode.swift; path = Location.swift; sourceTree = "<group>"; };
/* End PBXFileReference section */

/* Begin PBXFrameworksBuildPhase section */
		F030389A22C24E2E00396BD9 /* Frameworks */ = {
			isa = PBXFrameworksBuildPhase;
			buildActionMask = 2147483647;
			files = (
				A132F479D3F8F46B292C77BB /* Pods_weather.framework in Frameworks */,
			);
			runOnlyForDeploymentPostprocessing = 0;
		};
/* End PBXFrameworksBuildPhase section */

/* Begin PBXGroup section */
		0A813D334044681F97924C00 /* Pods */ = {
			isa = PBXGroup;
			children = (
				BC427EE6BA591BD6462E8E51 /* Pods-weather.debug.xcconfig */,
				801E461D6FA6CD5ABD9201BF /* Pods-weather.release.xcconfig */,
			);
			name = Pods;
			sourceTree = "<group>";
		};
		E8137F44CC17BCB1048C08E8 /* Frameworks */ = {
			isa = PBXGroup;
			children = (
				B87E139D8FDB01D7ACAD5CFB /* Pods_weather.framework */,
			);
			name = Frameworks;
			sourceTree = "<group>";
		};
		F030389422C24E2E00396BD9 = {
			isa = PBXGroup;
			children = (
				F030389F22C24E2E00396BD9 /* weather */,
				F030389E22C24E2E00396BD9 /* Products */,
				0A813D334044681F97924C00 /* Pods */,
				E8137F44CC17BCB1048C08E8 /* Frameworks */,
			);
			sourceTree = "<group>";
		};
		F030389E22C24E2E00396BD9 /* Products */ = {
			isa = PBXGroup;
			children = (
				F030389D22C24E2E00396BD9 /* weather.app */,
			);
			name = Products;
			sourceTree = "<group>";
		};
		F030389F22C24E2E00396BD9 /* weather */ = {
			isa = PBXGroup;
			children = (
				F03038A422C24E2E00396BD9 /* Main.storyboard */,
				F03038A022C24E2E00396BD9 /* AppDelegate.swift */,
				F05E72DD22C4027500BC79FF /* Model */,
				F05E72DE22C4027B00BC79FF /* View */,
				F05E72DC22C3FCC200BC79FF /* Controller */,
				F05E72DF22C402A700BC79FF /* Constants */,
				F05E72E022C4035D00BC79FF /* Extension */,
				F03038A722C24E3000396BD9 /* Assets.xcassets */,
				F03038A922C24E3000396BD9 /* LaunchScreen.storyboard */,
				F03038AC22C24E3000396BD9 /* Info.plist */,
			);
			path = weather;
			sourceTree = "<group>";
		};
		F05E72DC22C3FCC200BC79FF /* Controller */ = {
			isa = PBXGroup;
			children = (
				F03038A222C24E2E00396BD9 /* WeatherVC.swift */,
			);
			path = Controller;
			sourceTree = "<group>";
		};
		F05E72DD22C4027500BC79FF /* Model */ = {
			isa = PBXGroup;
			children = (
				F068181F22C26F2200D11579 /* CurrentWeather.swift */,
				F068182122C28E4300D11579 /* Forecast.swift */,
				F068182522C291DC00D11579 /* Location.swift */,
			);
			path = Model;
			sourceTree = "<group>";
		};
		F05E72DE22C4027B00BC79FF /* View */ = {
			isa = PBXGroup;
			children = (
				F068182322C28F7600D11579 /* WeatherCell.swift */,
			);
			path = View;
			sourceTree = "<group>";
		};
		F05E72DF22C402A700BC79FF /* Constants */ = {
			isa = PBXGroup;
			children = (
				F068181D22C26B9800D11579 /* Constants.swift */,
			);
			path = Constants;
			sourceTree = "<group>";
		};
		F05E72E022C4035D00BC79FF /* Extension */ = {
			isa = PBXGroup;
			children = (
				F05E72E122C4038000BC79FF /* Extension.swift */,
			);
			path = Extension;
			sourceTree = "<group>";
		};
/* End PBXGroup section */

/* Begin PBXNativeTarget section */
		F030389C22C24E2E00396BD9 /* weather */ = {
			isa = PBXNativeTarget;
			buildConfigurationList = F03038AF22C24E3000396BD9 /* Build configuration list for PBXNativeTarget "weather" */;
			buildPhases = (
				EB6AB773DCC502F2934D2FC3 /* [CP] Check Pods Manifest.lock */,
				F030389922C24E2E00396BD9 /* Sources */,
				F030389A22C24E2E00396BD9 /* Frameworks */,
				F030389B22C24E2E00396BD9 /* Resources */,
				74B953199851F19A5384F9D5 /* [CP] Embed Pods Frameworks */,
			);
			buildRules = (
			);
			dependencies = (
			);
			name = weather;
			productName = weather;
			productReference = F030389D22C24E2E00396BD9 /* weather.app */;
			productType = "com.apple.product-type.application";
		};
/* End PBXNativeTarget section */

/* Begin PBXProject section */
		F030389522C24E2E00396BD9 /* Project object */ = {
			isa = PBXProject;
			attributes = {
				LastSwiftUpdateCheck = 1020;
				LastUpgradeCheck = 1020;
				ORGANIZATIONNAME = "Vladyslav Kolomiets";
				TargetAttributes = {
					F030389C22C24E2E00396BD9 = {
						CreatedOnToolsVersion = 10.2.1;
					};
				};
			};
			buildConfigurationList = F030389822C24E2E00396BD9 /* Build configuration list for PBXProject "weather" */;
			compatibilityVersion = "Xcode 9.3";
			developmentRegion = en;
			hasScannedForEncodings = 0;
			knownRegions = (
				en,
				Base,
			);
			mainGroup = F030389422C24E2E00396BD9;
			productRefGroup = F030389E22C24E2E00396BD9 /* Products */;
			projectDirPath = "";
			projectRoot = "";
			targets = (
				F030389C22C24E2E00396BD9 /* weather */,
			);
		};
/* End PBXProject section */

/* Begin PBXResourcesBuildPhase section */
		F030389B22C24E2E00396BD9 /* Resources */ = {
			isa = PBXResourcesBuildPhase;
			buildActionMask = 2147483647;
			files = (
				F03038AB22C24E3000396BD9 /* LaunchScreen.storyboard in Resources */,
				F03038A822C24E3000396BD9 /* Assets.xcassets in Resources */,
				F03038A622C24E2E00396BD9 /* Main.storyboard in Resources */,
			);
			runOnlyForDeploymentPostprocessing = 0;
		};
/* End PBXResourcesBuildPhase section */

/* Begin PBXShellScriptBuildPhase section */
		74B953199851F19A5384F9D5 /* [CP] Embed Pods Frameworks */ = {
			isa = PBXShellScriptBuildPhase;
			buildActionMask = 2147483647;
			files = (
			);
			inputPaths = (
				"${SRCROOT}/Pods/Target Support Files/Pods-weather/Pods-weather-frameworks.sh",
				"${BUILT_PRODUCTS_DIR}/Alamofire/Alamofire.framework",
			);
			name = "[CP] Embed Pods Frameworks";
			outputPaths = (
				"${TARGET_BUILD_DIR}/${FRAMEWORKS_FOLDER_PATH}/Alamofire.framework",
			);
			runOnlyForDeploymentPostprocessing = 0;
			shellPath = /bin/sh;
			shellScript = "\"${SRCROOT}/Pods/Target Support Files/Pods-weather/Pods-weather-frameworks.sh\"\n";
			showEnvVarsInLog = 0;
		};
		EB6AB773DCC502F2934D2FC3 /* [CP] Check Pods Manifest.lock */ = {
			isa = PBXShellScriptBuildPhase;
			buildActionMask = 2147483647;
			files = (
			);
			inputPaths = (
				"${PODS_PODFILE_DIR_PATH}/Podfile.lock",
				"${PODS_ROOT}/Manifest.lock",
			);
			name = "[CP] Check Pods Manifest.lock";
			outputPaths = (
				"$(DERIVED_FILE_DIR)/Pods-weather-checkManifestLockResult.txt",
			);
			runOnlyForDeploymentPostprocessing = 0;
			shellPath = /bin/sh;
			shellScript = "diff \"${PODS_PODFILE_DIR_PATH}/Podfile.lock\" \"${PODS_ROOT}/Manifest.lock\" > /dev/null\nif [ $? != 0 ] ; then\n    # print error to STDERR\n    echo \"error: The sandbox is not in sync with the Podfile.lock. Run 'pod install' or update your CocoaPods installation.\" >&2\n    exit 1\nfi\n# This output is used by Xcode 'outputs' to avoid re-running this script phase.\necho \"SUCCESS\" > \"${SCRIPT_OUTPUT_FILE_0}\"\n";
			showEnvVarsInLog = 0;
		};
/* End PBXShellScriptBuildPhase section */

/* Begin PBXSourcesBuildPhase section */
		F030389922C24E2E00396BD9 /* Sources */ = {
			isa = PBXSourcesBuildPhase;
			buildActionMask = 2147483647;
			files = (
				F03038A322C24E2E00396BD9 /* WeatherVC.swift in Sources */,
				F03038A122C24E2E00396BD9 /* AppDelegate.swift in Sources */,
				F068182422C28F7600D11579 /* WeatherCell.swift in Sources */,
				F068182022C26F2200D11579 /* CurrentWeather.swift in Sources */,
				F068181E22C26B9800D11579 /* Constants.swift in Sources */,
				F068182222C28E4300D11579 /* Forecast.swift in Sources */,
				F068182622C291DC00D11579 /* Location.swift in Sources */,
				F05E72E222C4038000BC79FF /* Extension.swift in Sources */,
			);
			runOnlyForDeploymentPostprocessing = 0;
		};
/* End PBXSourcesBuildPhase section */

/* Begin PBXVariantGroup section */
		F03038A422C24E2E00396BD9 /* Main.storyboard */ = {
			isa = PBXVariantGroup;
			children = (
				F03038A522C24E2E00396BD9 /* Base */,
			);
			name = Main.storyboard;
			sourceTree = "<group>";
		};
		F03038A922C24E3000396BD9 /* LaunchScreen.storyboard */ = {
			isa = PBXVariantGroup;
			children = (
				F03038AA22C24E3000396BD9 /* Base */,
			);
			name = LaunchScreen.storyboard;
			sourceTree = "<group>";
		};
/* End PBXVariantGroup section */

/* Begin XCBuildConfiguration section */
		F03038AD22C24E3000396BD9 /* Debug */ = {
			isa = XCBuildConfiguration;
			buildSettings = {
				ALWAYS_SEARCH_USER_PATHS = NO;
				CLANG_ANALYZER_NONNULL = YES;
				CLANG_ANALYZER_NUMBER_OBJECT_CONVERSION = YES_AGGRESSIVE;
				CLANG_CXX_LANGUAGE_STANDARD = "gnu++14";
				CLANG_CXX_LIBRARY = "libc++";
				CLANG_ENABLE_MODULES = YES;
				CLANG_ENABLE_OBJC_ARC = YES;
				CLANG_ENABLE_OBJC_WEAK = YES;
				CLANG_WARN_BLOCK_CAPTURE_AUTORELEASING = YES;
				CLANG_WARN_BOOL_CONVERSION = YES;
				CLANG_WARN_COMMA = YES;
				CLANG_WARN_CONSTANT_CONVERSION = YES;
				CLANG_WARN_DEPRECATED_OBJC_IMPLEMENTATIONS = YES;
				CLANG_WARN_DIRECT_OBJC_ISA_USAGE = YES_ERROR;
				CLANG_WARN_DOCUMENTATION_COMMENTS = YES;
				CLANG_WARN_EMPTY_BODY = YES;
				CLANG_WARN_ENUM_CONVERSION = YES;
				CLANG_WARN_INFINITE_RECURSION = YES;
				CLANG_WARN_INT_CONVERSION = YES;
				CLANG_WARN_NON_LITERAL_NULL_CONVERSION = YES;
				CLANG_WARN_OBJC_IMPLICIT_RETAIN_SELF = YES;
				CLANG_WARN_OBJC_LITERAL_CONVERSION = YES;
				CLANG_WARN_OBJC_ROOT_CLASS = YES_ERROR;
				CLANG_WARN_RANGE_LOOP_ANALYSIS = YES;
				CLANG_WARN_STRICT_PROTOTYPES = YES;
				CLANG_WARN_SUSPICIOUS_MOVE = YES;
				CLANG_WARN_UNGUARDED_AVAILABILITY = YES_AGGRESSIVE;
				CLANG_WARN_UNREACHABLE_CODE = YES;
				CLANG_WARN__DUPLICATE_METHOD_MATCH = YES;
				CODE_SIGN_IDENTITY = "iPhone Developer";
				COPY_PHASE_STRIP = NO;
				DEBUG_INFORMATION_FORMAT = dwarf;
				ENABLE_STRICT_OBJC_MSGSEND = YES;
				ENABLE_TESTABILITY = YES;
				GCC_C_LANGUAGE_STANDARD = gnu11;
				GCC_DYNAMIC_NO_PIC = NO;
				GCC_NO_COMMON_BLOCKS = YES;
				GCC_OPTIMIZATION_LEVEL = 0;
				GCC_PREPROCESSOR_DEFINITIONS = (
					"DEBUG=1",
					"$(inherited)",
				);
				GCC_WARN_64_TO_32_BIT_CONVERSION = YES;
				GCC_WARN_ABOUT_RETURN_TYPE = YES_ERROR;
				GCC_WARN_UNDECLARED_SELECTOR = YES;
				GCC_WARN_UNINITIALIZED_AUTOS = YES_AGGRESSIVE;
				GCC_WARN_UNUSED_FUNCTION = YES;
				GCC_WARN_UNUSED_VARIABLE = YES;
				IPHONEOS_DEPLOYMENT_TARGET = 12.2;
				MTL_ENABLE_DEBUG_INFO = INCLUDE_SOURCE;
				MTL_FAST_MATH = YES;
				ONLY_ACTIVE_ARCH = YES;
				SDKROOT = iphoneos;
				SWIFT_ACTIVE_COMPILATION_CONDITIONS = DEBUG;
				SWIFT_OPTIMIZATION_LEVEL = "-Onone";
			};
			name = Debug;
		};
		F03038AE22C24E3000396BD9 /* Release */ = {
			isa = XCBuildConfiguration;
			buildSettings = {
				ALWAYS_SEARCH_USER_PATHS = NO;
				CLANG_ANALYZER_NONNULL = YES;
				CLANG_ANALYZER_NUMBER_OBJECT_CONVERSION = YES_AGGRESSIVE;
				CLANG_CXX_LANGUAGE_STANDARD = "gnu++14";
				CLANG_CXX_LIBRARY = "libc++";
				CLANG_ENABLE_MODULES = YES;
				CLANG_ENABLE_OBJC_ARC = YES;
				CLANG_ENABLE_OBJC_WEAK = YES;
				CLANG_WARN_BLOCK_CAPTURE_AUTORELEASING = YES;
				CLANG_WARN_BOOL_CONVERSION = YES;
				CLANG_WARN_COMMA = YES;
				CLANG_WARN_CONSTANT_CONVERSION = YES;
				CLANG_WARN_DEPRECATED_OBJC_IMPLEMENTATIONS = YES;
				CLANG_WARN_DIRECT_OBJC_ISA_USAGE = YES_ERROR;
				CLANG_WARN_DOCUMENTATION_COMMENTS = YES;
				CLANG_WARN_EMPTY_BODY = YES;
				CLANG_WARN_ENUM_CONVERSION = YES;
				CLANG_WARN_INFINITE_RECURSION = YES;
				CLANG_WARN_INT_CONVERSION = YES;
				CLANG_WARN_NON_LITERAL_NULL_CONVERSION = YES;
				CLANG_WARN_OBJC_IMPLICIT_RETAIN_SELF = YES;
				CLANG_WARN_OBJC_LITERAL_CONVERSION = YES;
				CLANG_WARN_OBJC_ROOT_CLASS = YES_ERROR;
				CLANG_WARN_RANGE_LOOP_ANALYSIS = YES;
				CLANG_WARN_STRICT_PROTOTYPES = YES;
				CLANG_WARN_SUSPICIOUS_MOVE = YES;
				CLANG_WARN_UNGUARDED_AVAILABILITY = YES_AGGRESSIVE;
				CLANG_WARN_UNREACHABLE_CODE = YES;
				CLANG_WARN__DUPLICATE_METHOD_MATCH = YES;
				CODE_SIGN_IDENTITY = "iPhone Developer";
				COPY_PHASE_STRIP = NO;
				DEBUG_INFORMATION_FORMAT = "dwarf-with-dsym";
				ENABLE_NS_ASSERTIONS = NO;
				ENABLE_STRICT_OBJC_MSGSEND = YES;
				GCC_C_LANGUAGE_STANDARD = gnu11;
				GCC_NO_COMMON_BLOCKS = YES;
				GCC_WARN_64_TO_32_BIT_CONVERSION = YES;
				GCC_WARN_ABOUT_RETURN_TYPE = YES_ERROR;
				GCC_WARN_UNDECLARED_SELECTOR = YES;
				GCC_WARN_UNINITIALIZED_AUTOS = YES_AGGRESSIVE;
				GCC_WARN_UNUSED_FUNCTION = YES;
				GCC_WARN_UNUSED_VARIABLE = YES;
				IPHONEOS_DEPLOYMENT_TARGET = 12.2;
				MTL_ENABLE_DEBUG_INFO = NO;
				MTL_FAST_MATH = YES;
				SDKROOT = iphoneos;
				SWIFT_COMPILATION_MODE = wholemodule;
				SWIFT_OPTIMIZATION_LEVEL = "-O";
				VALIDATE_PRODUCT = YES;
			};
			name = Release;
		};
		F03038B022C24E3000396BD9 /* Debug */ = {
			isa = XCBuildConfiguration;
			baseConfigurationReference = BC427EE6BA591BD6462E8E51 /* Pods-weather.debug.xcconfig */;
			buildSettings = {
				ASSETCATALOG_COMPILER_APPICON_NAME = AppIcon;
				CODE_SIGN_STYLE = Automatic;
				DEVELOPMENT_TEAM = EXHN4BTS59;
				INFOPLIST_FILE = weather/Info.plist;
				IPHONEOS_DEPLOYMENT_TARGET = 11.0;
				LD_RUNPATH_SEARCH_PATHS = (
					"$(inherited)",
					"@executable_path/Frameworks",
				);
				PRODUCT_BUNDLE_IDENTIFIER = vladyslavkolomiets.weather;
				PRODUCT_NAME = "$(TARGET_NAME)";
				SWIFT_VERSION = 5.0;
				TARGETED_DEVICE_FAMILY = 1;
			};
			name = Debug;
		};
		F03038B122C24E3000396BD9 /* Release */ = {
			isa = XCBuildConfiguration;
			baseConfigurationReference = 801E461D6FA6CD5ABD9201BF /* Pods-weather.release.xcconfig */;
			buildSettings = {
				ASSETCATALOG_COMPILER_APPICON_NAME = AppIcon;
				CODE_SIGN_STYLE = Automatic;
				DEVELOPMENT_TEAM = EXHN4BTS59;
				INFOPLIST_FILE = weather/Info.plist;
				IPHONEOS_DEPLOYMENT_TARGET = 11.0;
				LD_RUNPATH_SEARCH_PATHS = (
					"$(inherited)",
					"@executable_path/Frameworks",
				);
				PRODUCT_BUNDLE_IDENTIFIER = vladyslavkolomiets.weather;
				PRODUCT_NAME = "$(TARGET_NAME)";
				SWIFT_VERSION = 5.0;
				TARGETED_DEVICE_FAMILY = 1;
			};
			name = Release;
		};
/* End XCBuildConfiguration section */

/* Begin XCConfigurationList section */
		F030389822C24E2E00396BD9 /* Build configuration list for PBXProject "weather" */ = {
			isa = XCConfigurationList;
			buildConfigurations = (
				F03038AD22C24E3000396BD9 /* Debug */,
				F03038AE22C24E3000396BD9 /* Release */,
			);
			defaultConfigurationIsVisible = 0;
			defaultConfigurationName = Release;
		};
		F03038AF22C24E3000396BD9 /* Build configuration list for PBXNativeTarget "weather" */ = {
			isa = XCConfigurationList;
			buildConfigurations = (
				F03038B022C24E3000396BD9 /* Debug */,
				F03038B122C24E3000396BD9 /* Release */,
			);
			defaultConfigurationIsVisible = 0;
			defaultConfigurationName = Release;
		};
/* End XCConfigurationList section */
	};
	rootObject = F030389522C24E2E00396BD9 /* Project object */;
}
